
Microsoft Visual Studio Solution File, Format Version 10.00
# Visual Studio 2008
Project("{8BC9CEB8-8B4A-11D0-8D11-00A0C91BC942}") = "VMP", "VMP\VMP.vcproj", "{4EE41D2C-4BE7-42BA-A33C-8F145D18C43A}"
	ProjectSection(ProjectDependencies) = postProject
		{21DB5D0C-2F40-4D79-BE75-021E3D35B2F9} = {21DB5D0C-2F40-4D79-BE75-021E3D35B2F9}
		{3F478810-118E-7B4E-93CB-B6D6EC801D90} = {3F478810-118E-7B4E-93CB-B6D6EC801D90}
		{D0DA3016-67C0-4CD8-BAD1-2D122AC2D29D} = {D0DA3016-67C0-4CD8-BAD1-2D122AC2D29D}
		{9006D124-5D00-4CB7-BAD9-F527B19502C9} = {9006D124-5D00-4CB7-BAD9-F527B19502C9}
		{969C0637-E206-9F49-8A74-4931ED4C3DF0} = {969C0637-E206-9F49-8A74-4931ED4C3DF0}
		{501DA06D-617A-6748-B37A-DABBD1622994} = {501DA06D-617A-6748-B37A-DABBD1622994}
		{281D0F71-4903-244D-8CC6-BA15182FFB4C} = {281D0F71-4903-244D-8CC6-BA15182FFB4C}
		{0757FC7D-A029-4C29-B806-9CC05DC384A1} = {0757FC7D-A029-4C29-B806-9CC05DC384A1}
		{2671CEB8-379B-BF44-85E7-6B02262B1396} = {2671CEB8-379B-BF44-85E7-6B02262B1396}
		{38F8D6D1-8D5D-4543-9C7E-23AE0DE3A1E0} = {38F8D6D1-8D5D-4543-9C7E-23AE0DE3A1E0}
	EndProjectSection
EndProject
Project("{8BC9CEB8-8B4A-11D0-8D11-00A0C91BC942}") = "Server", "Server\Server.vcproj", "{1D6BD5A2-9D2E-48AF-8862-CCA9850A7781}"
EndProject
Project("{8BC9CEB8-8B4A-11D0-8D11-00A0C91BC942}") = "Launcher", "Launcher\Launcher.vcproj", "{74134259-65A6-4AAC-9B87-C96CEB6105DE}"
EndProject
Project("{8BC9CEB8-8B4A-11D0-8D11-00A0C91BC942}") = "TestModule", "TestModule\TestModule.vcproj", "{A4397609-F5B1-4212-89F7-913F4ACB00FF}"
EndProject
Project("{2150E333-8FDC-42A3-9474-1A3956D46DE8}") = "CEGUI", "CEGUI", "{B971FAC6-C8DD-456A-97AC-323E5D30A905}"
EndProject
Project("{2150E333-8FDC-42A3-9474-1A3956D46DE8}") = "Dependencies", "Dependencies", "{C533665F-F65C-4E2F-BB55-A13094ECAC03}"
EndProject
Project("{8BC9CEB8-8B4A-11D0-8D11-00A0C91BC942}") = "CEGUIBase", "Vendor\CEGUI\projects\premake\BaseSystem\CEGUIBase.vcproj", "{501DA06D-617A-6748-B37A-DABBD1622994}"
EndProject
Project("{8BC9CEB8-8B4A-11D0-8D11-00A0C91BC942}") = "CEGUISILLYImageCodec", "Vendor\CEGUI\projects\premake\ImageCodecModules\SILLYImageCodec\CEGUISILLYImageCodec.vcproj", "{969C0637-E206-9F49-8A74-4931ED4C3DF0}"
EndProject
Project("{8BC9CEB8-8B4A-11D0-8D11-00A0C91BC942}") = "CEGUIDirect3D9Renderer", "Vendor\CEGUI\projects\premake\RendererModules\Direct3D9\CEGUIDirect3D9Renderer.vcproj", "{2671CEB8-379B-BF44-85E7-6B02262B1396}"
EndProject
Project("{8BC9CEB8-8B4A-11D0-8D11-00A0C91BC942}") = "CEGUIFalagardWRBase", "Vendor\CEGUI\projects\premake\WindowRendererSets\Falagard\CEGUIFalagardWRBase.vcproj", "{281D0F71-4903-244D-8CC6-BA15182FFB4C}"
EndProject
Project("{8BC9CEB8-8B4A-11D0-8D11-00A0C91BC942}") = "CEGUIExpatParser", "Vendor\CEGUI\projects\premake\XMLParserModules\expatParser\CEGUIExpatParser.vcproj", "{3F478810-118E-7B4E-93CB-B6D6EC801D90}"
EndProject
Project("{8BC9CEB8-8B4A-11D0-8D11-00A0C91BC942}") = "expat_static", "Vendor\CEGUI\dependencies\expat-2.0.1\expat_static.vcproj", "{0757FC7D-A029-4C29-B806-9CC05DC384A1}"
EndProject
Project("{8BC9CEB8-8B4A-11D0-8D11-00A0C91BC942}") = "libjpeg", "Vendor\CEGUI\dependencies\jpeg-6b\projects\libjpeg.vcproj", "{D0DA3016-67C0-4CD8-BAD1-2D122AC2D29D}"
EndProject
Project("{8BC9CEB8-8B4A-11D0-8D11-00A0C91BC942}") = "libpng", "Vendor\CEGUI\dependencies\lpng142\projects\libpng.vcproj", "{21DB5D0C-2F40-4D79-BE75-021E3D35B2F9}"
EndProject
Project("{8BC9CEB8-8B4A-11D0-8D11-00A0C91BC942}") = "SILLY", "Vendor\CEGUI\dependencies\SILLY-0.1.0\SILLY.vcproj", "{38F8D6D1-8D5D-4543-9C7E-23AE0DE3A1E0}"
EndProject
Project("{8BC9CEB8-8B4A-11D0-8D11-00A0C91BC942}") = "zlib", "Vendor\CEGUI\dependencies\zlib-1.2.5\projects\zlib.vcproj", "{9006D124-5D00-4CB7-BAD9-F527B19502C9}"
EndProject
Global
	GlobalSection(SolutionConfigurationPlatforms) = preSolution
		Debug_Static|Pocket PC 2003 (ARMV4) = Debug_Static|Pocket PC 2003 (ARMV4)
		Debug_Static|Win32 = Debug_Static|Win32
		Debug|Pocket PC 2003 (ARMV4) = Debug|Pocket PC 2003 (ARMV4)
		Debug|Win32 = Debug|Win32
		Release_Static|Pocket PC 2003 (ARMV4) = Release_Static|Pocket PC 2003 (ARMV4)
		Release_Static|Win32 = Release_Static|Win32
		Release|Pocket PC 2003 (ARMV4) = Release|Pocket PC 2003 (ARMV4)
		Release|Win32 = Release|Win32
		ReleaseWithSymbols|Pocket PC 2003 (ARMV4) = ReleaseWithSymbols|Pocket PC 2003 (ARMV4)
		ReleaseWithSymbols|Win32 = ReleaseWithSymbols|Win32
	EndGlobalSection
	GlobalSection(ProjectConfigurationPlatforms) = postSolution
		{4EE41D2C-4BE7-42BA-A33C-8F145D18C43A}.Debug_Static|Pocket PC 2003 (ARMV4).ActiveCfg = Debug|Win32
		{4EE41D2C-4BE7-42BA-A33C-8F145D18C43A}.Debug_Static|Win32.ActiveCfg = Debug|Win32
		{4EE41D2C-4BE7-42BA-A33C-8F145D18C43A}.Debug_Static|Win32.Build.0 = Debug|Win32
		{4EE41D2C-4BE7-42BA-A33C-8F145D18C43A}.Debug|Pocket PC 2003 (ARMV4).ActiveCfg = Debug|Win32
		{4EE41D2C-4BE7-42BA-A33C-8F145D18C43A}.Debug|Win32.ActiveCfg = Debug|Win32
		{4EE41D2C-4BE7-42BA-A33C-8F145D18C43A}.Debug|Win32.Build.0 = Debug|Win32
		{4EE41D2C-4BE7-42BA-A33C-8F145D18C43A}.Release_Static|Pocket PC 2003 (ARMV4).ActiveCfg = Release|Win32
		{4EE41D2C-4BE7-42BA-A33C-8F145D18C43A}.Release_Static|Win32.ActiveCfg = Release|Win32
		{4EE41D2C-4BE7-42BA-A33C-8F145D18C43A}.Release_Static|Win32.Build.0 = Release|Win32
		{4EE41D2C-4BE7-42BA-A33C-8F145D18C43A}.Release|Pocket PC 2003 (ARMV4).ActiveCfg = Release|Win32
		{4EE41D2C-4BE7-42BA-A33C-8F145D18C43A}.Release|Win32.ActiveCfg = Release|Win32
		{4EE41D2C-4BE7-42BA-A33C-8F145D18C43A}.Release|Win32.Build.0 = Release|Win32
		{4EE41D2C-4BE7-42BA-A33C-8F145D18C43A}.ReleaseWithSymbols|Pocket PC 2003 (ARMV4).ActiveCfg = Release|Win32
		{4EE41D2C-4BE7-42BA-A33C-8F145D18C43A}.ReleaseWithSymbols|Win32.ActiveCfg = Release|Win32
		{4EE41D2C-4BE7-42BA-A33C-8F145D18C43A}.ReleaseWithSymbols|Win32.Build.0 = Release|Win32
		{1D6BD5A2-9D2E-48AF-8862-CCA9850A7781}.Debug_Static|Pocket PC 2003 (ARMV4).ActiveCfg = Debug|Win32
		{1D6BD5A2-9D2E-48AF-8862-CCA9850A7781}.Debug_Static|Win32.ActiveCfg = Debug|Win32
		{1D6BD5A2-9D2E-48AF-8862-CCA9850A7781}.Debug_Static|Win32.Build.0 = Debug|Win32
		{1D6BD5A2-9D2E-48AF-8862-CCA9850A7781}.Debug|Pocket PC 2003 (ARMV4).ActiveCfg = Debug|Win32
		{1D6BD5A2-9D2E-48AF-8862-CCA9850A7781}.Debug|Win32.ActiveCfg = Debug|Win32
		{1D6BD5A2-9D2E-48AF-8862-CCA9850A7781}.Debug|Win32.Build.0 = Debug|Win32
		{1D6BD5A2-9D2E-48AF-8862-CCA9850A7781}.Release_Static|Pocket PC 2003 (ARMV4).ActiveCfg = Release|Win32
		{1D6BD5A2-9D2E-48AF-8862-CCA9850A7781}.Release_Static|Win32.ActiveCfg = Release|Win32
		{1D6BD5A2-9D2E-48AF-8862-CCA9850A7781}.Release_Static|Win32.Build.0 = Release|Win32
		{1D6BD5A2-9D2E-48AF-8862-CCA9850A7781}.Release|Pocket PC 2003 (ARMV4).ActiveCfg = Release|Win32
		{1D6BD5A2-9D2E-48AF-8862-CCA9850A7781}.Release|Win32.ActiveCfg = Release|Win32
		{1D6BD5A2-9D2E-48AF-8862-CCA9850A7781}.Release|Win32.Build.0 = Release|Win32
		{1D6BD5A2-9D2E-48AF-8862-CCA9850A7781}.ReleaseWithSymbols|Pocket PC 2003 (ARMV4).ActiveCfg = Release|Win32
		{1D6BD5A2-9D2E-48AF-8862-CCA9850A7781}.ReleaseWithSymbols|Win32.ActiveCfg = Release|Win32
		{1D6BD5A2-9D2E-48AF-8862-CCA9850A7781}.ReleaseWithSymbols|Win32.Build.0 = Release|Win32
		{74134259-65A6-4AAC-9B87-C96CEB6105DE}.Debug_Static|Pocket PC 2003 (ARMV4).ActiveCfg = Debug|Win32
		{74134259-65A6-4AAC-9B87-C96CEB6105DE}.Debug_Static|Win32.ActiveCfg = Debug|Win32
		{74134259-65A6-4AAC-9B87-C96CEB6105DE}.Debug_Static|Win32.Build.0 = Debug|Win32
		{74134259-65A6-4AAC-9B87-C96CEB6105DE}.Debug|Pocket PC 2003 (ARMV4).ActiveCfg = Debug|Win32
		{74134259-65A6-4AAC-9B87-C96CEB6105DE}.Debug|Win32.ActiveCfg = Debug|Win32
		{74134259-65A6-4AAC-9B87-C96CEB6105DE}.Debug|Win32.Build.0 = Debug|Win32
		{74134259-65A6-4AAC-9B87-C96CEB6105DE}.Release_Static|Pocket PC 2003 (ARMV4).ActiveCfg = Release|Win32
		{74134259-65A6-4AAC-9B87-C96CEB6105DE}.Release_Static|Win32.ActiveCfg = Release|Win32
		{74134259-65A6-4AAC-9B87-C96CEB6105DE}.Release_Static|Win32.Build.0 = Release|Win32
		{74134259-65A6-4AAC-9B87-C96CEB6105DE}.Release|Pocket PC 2003 (ARMV4).ActiveCfg = Release|Win32
		{74134259-65A6-4AAC-9B87-C96CEB6105DE}.Release|Win32.ActiveCfg = Release|Win32
		{74134259-65A6-4AAC-9B87-C96CEB6105DE}.Release|Win32.Build.0 = Release|Win32
		{74134259-65A6-4AAC-9B87-C96CEB6105DE}.ReleaseWithSymbols|Pocket PC 2003 (ARMV4).ActiveCfg = Release|Win32
		{74134259-65A6-4AAC-9B87-C96CEB6105DE}.ReleaseWithSymbols|Win32.ActiveCfg = Release|Win32
		{74134259-65A6-4AAC-9B87-C96CEB6105DE}.ReleaseWithSymbols|Win32.Build.0 = Release|Win32
		{A4397609-F5B1-4212-89F7-913F4ACB00FF}.Debug_Static|Pocket PC 2003 (ARMV4).ActiveCfg = Debug|Win32
		{A4397609-F5B1-4212-89F7-913F4ACB00FF}.Debug_Static|Win32.ActiveCfg = Debug|Win32
		{A4397609-F5B1-4212-89F7-913F4ACB00FF}.Debug_Static|Win32.Build.0 = Debug|Win32
		{A4397609-F5B1-4212-89F7-913F4ACB00FF}.Debug|Pocket PC 2003 (ARMV4).ActiveCfg = Debug|Win32
		{A4397609-F5B1-4212-89F7-913F4ACB00FF}.Debug|Win32.ActiveCfg = Debug|Win32
		{A4397609-F5B1-4212-89F7-913F4ACB00FF}.Debug|Win32.Build.0 = Debug|Win32
		{A4397609-F5B1-4212-89F7-913F4ACB00FF}.Release_Static|Pocket PC 2003 (ARMV4).ActiveCfg = Release|Win32
		{A4397609-F5B1-4212-89F7-913F4ACB00FF}.Release_Static|Win32.ActiveCfg = Release|Win32
		{A4397609-F5B1-4212-89F7-913F4ACB00FF}.Release_Static|Win32.Build.0 = Release|Win32
		{A4397609-F5B1-4212-89F7-913F4ACB00FF}.Release|Pocket PC 2003 (ARMV4).ActiveCfg = Release|Win32
		{A4397609-F5B1-4212-89F7-913F4ACB00FF}.Release|Win32.ActiveCfg = Release|Win32
		{A4397609-F5B1-4212-89F7-913F4ACB00FF}.Release|Win32.Build.0 = Release|Win32
		{A4397609-F5B1-4212-89F7-913F4ACB00FF}.ReleaseWithSymbols|Pocket PC 2003 (ARMV4).ActiveCfg = Release|Win32
		{A4397609-F5B1-4212-89F7-913F4ACB00FF}.ReleaseWithSymbols|Win32.ActiveCfg = Release|Win32
		{A4397609-F5B1-4212-89F7-913F4ACB00FF}.ReleaseWithSymbols|Win32.Build.0 = Release|Win32
		{501DA06D-617A-6748-B37A-DABBD1622994}.Debug_Static|Pocket PC 2003 (ARMV4).ActiveCfg = Debug_Static|Win32
		{501DA06D-617A-6748-B37A-DABBD1622994}.Debug_Static|Win32.ActiveCfg = Debug_Static|Win32
		{501DA06D-617A-6748-B37A-DABBD1622994}.Debug_Static|Win32.Build.0 = Debug_Static|Win32
		{501DA06D-617A-6748-B37A-DABBD1622994}.Debug|Pocket PC 2003 (ARMV4).ActiveCfg = Debug|Win32
		{501DA06D-617A-6748-B37A-DABBD1622994}.Debug|Win32.ActiveCfg = Debug|Win32
		{501DA06D-617A-6748-B37A-DABBD1622994}.Debug|Win32.Build.0 = Debug|Win32
		{501DA06D-617A-6748-B37A-DABBD1622994}.Release_Static|Pocket PC 2003 (ARMV4).ActiveCfg = Release_Static|Win32
		{501DA06D-617A-6748-B37A-DABBD1622994}.Release_Static|Win32.ActiveCfg = Release_Static|Win32
		{501DA06D-617A-6748-B37A-DABBD1622994}.Release_Static|Win32.Build.0 = Release_Static|Win32
		{501DA06D-617A-6748-B37A-DABBD1622994}.Release|Pocket PC 2003 (ARMV4).ActiveCfg = Release|Win32
		{501DA06D-617A-6748-B37A-DABBD1622994}.Release|Win32.ActiveCfg = Release_Static|Win32
		{501DA06D-617A-6748-B37A-DABBD1622994}.Release|Win32.Build.0 = Release_Static|Win32
		{501DA06D-617A-6748-B37A-DABBD1622994}.ReleaseWithSymbols|Pocket PC 2003 (ARMV4).ActiveCfg = ReleaseWithSymbols|Win32
		{501DA06D-617A-6748-B37A-DABBD1622994}.ReleaseWithSymbols|Win32.ActiveCfg = ReleaseWithSymbols|Win32
		{501DA06D-617A-6748-B37A-DABBD1622994}.ReleaseWithSymbols|Win32.Build.0 = ReleaseWithSymbols|Win32
		{969C0637-E206-9F49-8A74-4931ED4C3DF0}.Debug_Static|Pocket PC 2003 (ARMV4).ActiveCfg = Debug_Static|Win32
		{969C0637-E206-9F49-8A74-4931ED4C3DF0}.Debug_Static|Win32.ActiveCfg = Debug_Static|Win32
		{969C0637-E206-9F49-8A74-4931ED4C3DF0}.Debug_Static|Win32.Build.0 = Debug_Static|Win32
		{969C0637-E206-9F49-8A74-4931ED4C3DF0}.Debug|Pocket PC 2003 (ARMV4).ActiveCfg = Debug|Win32
		{969C0637-E206-9F49-8A74-4931ED4C3DF0}.Debug|Win32.ActiveCfg = Debug|Win32
		{969C0637-E206-9F49-8A74-4931ED4C3DF0}.Debug|Win32.Build.0 = Debug|Win32
		{969C0637-E206-9F49-8A74-4931ED4C3DF0}.Release_Static|Pocket PC 2003 (ARMV4).ActiveCfg = Release_Static|Win32
		{969C0637-E206-9F49-8A74-4931ED4C3DF0}.Release_Static|Win32.ActiveCfg = Release_Static|Win32
		{969C0637-E206-9F49-8A74-4931ED4C3DF0}.Release_Static|Win32.Build.0 = Release_Static|Win32
		{969C0637-E206-9F49-8A74-4931ED4C3DF0}.Release|Pocket PC 2003 (ARMV4).ActiveCfg = Release|Win32
		{969C0637-E206-9F49-8A74-4931ED4C3DF0}.Release|Win32.ActiveCfg = Release_Static|Win32
		{969C0637-E206-9F49-8A74-4931ED4C3DF0}.Release|Win32.Build.0 = Release_Static|Win32
		{969C0637-E206-9F49-8A74-4931ED4C3DF0}.ReleaseWithSymbols|Pocket PC 2003 (ARMV4).ActiveCfg = ReleaseWithSymbols|Win32
		{969C0637-E206-9F49-8A74-4931ED4C3DF0}.ReleaseWithSymbols|Win32.ActiveCfg = ReleaseWithSymbols|Win32
		{969C0637-E206-9F49-8A74-4931ED4C3DF0}.ReleaseWithSymbols|Win32.Build.0 = ReleaseWithSymbols|Win32
		{2671CEB8-379B-BF44-85E7-6B02262B1396}.Debug_Static|Pocket PC 2003 (ARMV4).ActiveCfg = Debug_Static|Win32
		{2671CEB8-379B-BF44-85E7-6B02262B1396}.Debug_Static|Win32.ActiveCfg = Debug_Static|Win32
		{2671CEB8-379B-BF44-85E7-6B02262B1396}.Debug_Static|Win32.Build.0 = Debug_Static|Win32
		{2671CEB8-379B-BF44-85E7-6B02262B1396}.Debug|Pocket PC 2003 (ARMV4).ActiveCfg = Debug|Win32
		{2671CEB8-379B-BF44-85E7-6B02262B1396}.Debug|Win32.ActiveCfg = Debug|Win32
		{2671CEB8-379B-BF44-85E7-6B02262B1396}.Debug|Win32.Build.0 = Debug|Win32
		{2671CEB8-379B-BF44-85E7-6B02262B1396}.Release_Static|Pocket PC 2003 (ARMV4).ActiveCfg = Release_Static|Win32
		{2671CEB8-379B-BF44-85E7-6B02262B1396}.Release_Static|Win32.ActiveCfg = Release_Static|Win32
		{2671CEB8-379B-BF44-85E7-6B02262B1396}.Release_Static|Win32.Build.0 = Release_Static|Win32
		{2671CEB8-379B-BF44-85E7-6B02262B1396}.Release|Pocket PC 2003 (ARMV4).ActiveCfg = Release|Win32
		{2671CEB8-379B-BF44-85E7-6B02262B1396}.Release|Win32.ActiveCfg = Release_Static|Win32
		{2671CEB8-379B-BF44-85E7-6B02262B1396}.Release|Win32.Build.0 = Release_Static|Win32
		{2671CEB8-379B-BF44-85E7-6B02262B1396}.ReleaseWithSymbols|Pocket PC 2003 (ARMV4).ActiveCfg = ReleaseWithSymbols|Win32
		{2671CEB8-379B-BF44-85E7-6B02262B1396}.ReleaseWithSymbols|Win32.ActiveCfg = ReleaseWithSymbols|Win32
		{2671CEB8-379B-BF44-85E7-6B02262B1396}.ReleaseWithSymbols|Win32.Build.0 = ReleaseWithSymbols|Win32
		{281D0F71-4903-244D-8CC6-BA15182FFB4C}.Debug_Static|Pocket PC 2003 (ARMV4).ActiveCfg = Debug_Static|Win32
		{281D0F71-4903-244D-8CC6-BA15182FFB4C}.Debug_Static|Win32.ActiveCfg = Debug_Static|Win32
		{281D0F71-4903-244D-8CC6-BA15182FFB4C}.Debug_Static|Win32.Build.0 = Debug_Static|Win32
		{281D0F71-4903-244D-8CC6-BA15182FFB4C}.Debug|Pocket PC 2003 (ARMV4).ActiveCfg = Debug|Win32
		{281D0F71-4903-244D-8CC6-BA15182FFB4C}.Debug|Win32.ActiveCfg = Debug|Win32
		{281D0F71-4903-244D-8CC6-BA15182FFB4C}.Debug|Win32.Build.0 = Debug|Win32
		{281D0F71-4903-244D-8CC6-BA15182FFB4C}.Release_Static|Pocket PC 2003 (ARMV4).ActiveCfg = Release_Static|Win32
		{281D0F71-4903-244D-8CC6-BA15182FFB4C}.Release_Static|Win32.ActiveCfg = Release_Static|Win32
		{281D0F71-4903-244D-8CC6-BA15182FFB4C}.Release_Static|Win32.Build.0 = Release_Static|Win32
		{281D0F71-4903-244D-8CC6-BA15182FFB4C}.Release|Pocket PC 2003 (ARMV4).ActiveCfg = Release|Win32
		{281D0F71-4903-244D-8CC6-BA15182FFB4C}.Release|Win32.ActiveCfg = Release_Static|Win32
		{281D0F71-4903-244D-8CC6-BA15182FFB4C}.Release|Win32.Build.0 = Release_Static|Win32
		{281D0F71-4903-244D-8CC6-BA15182FFB4C}.ReleaseWithSymbols|Pocket PC 2003 (ARMV4).ActiveCfg = ReleaseWithSymbols|Win32
		{281D0F71-4903-244D-8CC6-BA15182FFB4C}.ReleaseWithSymbols|Win32.ActiveCfg = ReleaseWithSymbols|Win32
		{281D0F71-4903-244D-8CC6-BA15182FFB4C}.ReleaseWithSymbols|Win32.Build.0 = ReleaseWithSymbols|Win32
		{3F478810-118E-7B4E-93CB-B6D6EC801D90}.Debug_Static|Pocket PC 2003 (ARMV4).ActiveCfg = Debug_Static|Win32
		{3F478810-118E-7B4E-93CB-B6D6EC801D90}.Debug_Static|Win32.ActiveCfg = Debug_Static|Win32
		{3F478810-118E-7B4E-93CB-B6D6EC801D90}.Debug_Static|Win32.Build.0 = Debug_Static|Win32
		{3F478810-118E-7B4E-93CB-B6D6EC801D90}.Debug|Pocket PC 2003 (ARMV4).ActiveCfg = Debug|Win32
		{3F478810-118E-7B4E-93CB-B6D6EC801D90}.Debug|Win32.ActiveCfg = Debug|Win32
		{3F478810-118E-7B4E-93CB-B6D6EC801D90}.Debug|Win32.Build.0 = Debug|Win32
		{3F478810-118E-7B4E-93CB-B6D6EC801D90}.Release_Static|Pocket PC 2003 (ARMV4).ActiveCfg = Release_Static|Win32
		{3F478810-118E-7B4E-93CB-B6D6EC801D90}.Release_Static|Win32.ActiveCfg = Release_Static|Win32
		{3F478810-118E-7B4E-93CB-B6D6EC801D90}.Release_Static|Win32.Build.0 = Release_Static|Win32
		{3F478810-118E-7B4E-93CB-B6D6EC801D90}.Release|Pocket PC 2003 (ARMV4).ActiveCfg = Release|Win32
		{3F478810-118E-7B4E-93CB-B6D6EC801D90}.Release|Win32.ActiveCfg = Release_Static|Win32
		{3F478810-118E-7B4E-93CB-B6D6EC801D90}.Release|Win32.Build.0 = Release_Static|Win32
		{3F478810-118E-7B4E-93CB-B6D6EC801D90}.ReleaseWithSymbols|Pocket PC 2003 (ARMV4).ActiveCfg = ReleaseWithSymbols|Win32
		{3F478810-118E-7B4E-93CB-B6D6EC801D90}.ReleaseWithSymbols|Win32.ActiveCfg = ReleaseWithSymbols|Win32
		{3F478810-118E-7B4E-93CB-B6D6EC801D90}.ReleaseWithSymbols|Win32.Build.0 = ReleaseWithSymbols|Win32
		{0757FC7D-A029-4C29-B806-9CC05DC384A1}.Debug_Static|Pocket PC 2003 (ARMV4).ActiveCfg = Debug|Pocket PC 2003 (ARMV4)
		{0757FC7D-A029-4C29-B806-9CC05DC384A1}.Debug_Static|Pocket PC 2003 (ARMV4).Build.0 = Debug|Pocket PC 2003 (ARMV4)
		{0757FC7D-A029-4C29-B806-9CC05DC384A1}.Debug_Static|Pocket PC 2003 (ARMV4).Deploy.0 = Debug|Pocket PC 2003 (ARMV4)
		{0757FC7D-A029-4C29-B806-9CC05DC384A1}.Debug_Static|Win32.ActiveCfg = Debug|Pocket PC 2003 (ARMV4)
		{0757FC7D-A029-4C29-B806-9CC05DC384A1}.Debug|Pocket PC 2003 (ARMV4).ActiveCfg = Debug|Pocket PC 2003 (ARMV4)
		{0757FC7D-A029-4C29-B806-9CC05DC384A1}.Debug|Pocket PC 2003 (ARMV4).Build.0 = Debug|Pocket PC 2003 (ARMV4)
		{0757FC7D-A029-4C29-B806-9CC05DC384A1}.Debug|Pocket PC 2003 (ARMV4).Deploy.0 = Debug|Pocket PC 2003 (ARMV4)
		{0757FC7D-A029-4C29-B806-9CC05DC384A1}.Debug|Win32.ActiveCfg = Debug|Win32
		{0757FC7D-A029-4C29-B806-9CC05DC384A1}.Debug|Win32.Build.0 = Debug|Win32
		{0757FC7D-A029-4C29-B806-9CC05DC384A1}.Release_Static|Pocket PC 2003 (ARMV4).ActiveCfg = Release|Pocket PC 2003 (ARMV4)
		{0757FC7D-A029-4C29-B806-9CC05DC384A1}.Release_Static|Pocket PC 2003 (ARMV4).Build.0 = Release|Pocket PC 2003 (ARMV4)
		{0757FC7D-A029-4C29-B806-9CC05DC384A1}.Release_Static|Pocket PC 2003 (ARMV4).Deploy.0 = Release|Pocket PC 2003 (ARMV4)
		{0757FC7D-A029-4C29-B806-9CC05DC384A1}.Release_Static|Win32.ActiveCfg = Release|Pocket PC 2003 (ARMV4)
		{0757FC7D-A029-4C29-B806-9CC05DC384A1}.Release|Pocket PC 2003 (ARMV4).ActiveCfg = Release|Pocket PC 2003 (ARMV4)
		{0757FC7D-A029-4C29-B806-9CC05DC384A1}.Release|Pocket PC 2003 (ARMV4).Build.0 = Release|Pocket PC 2003 (ARMV4)
		{0757FC7D-A029-4C29-B806-9CC05DC384A1}.Release|Pocket PC 2003 (ARMV4).Deploy.0 = Release|Pocket PC 2003 (ARMV4)
		{0757FC7D-A029-4C29-B806-9CC05DC384A1}.Release|Win32.ActiveCfg = Release|Win32
		{0757FC7D-A029-4C29-B806-9CC05DC384A1}.Release|Win32.Build.0 = Release|Win32
		{0757FC7D-A029-4C29-B806-9CC05DC384A1}.ReleaseWithSymbols|Pocket PC 2003 (ARMV4).ActiveCfg = Release|Pocket PC 2003 (ARMV4)
		{0757FC7D-A029-4C29-B806-9CC05DC384A1}.ReleaseWithSymbols|Pocket PC 2003 (ARMV4).Build.0 = Release|Pocket PC 2003 (ARMV4)
		{0757FC7D-A029-4C29-B806-9CC05DC384A1}.ReleaseWithSymbols|Pocket PC 2003 (ARMV4).Deploy.0 = Release|Pocket PC 2003 (ARMV4)
		{0757FC7D-A029-4C29-B806-9CC05DC384A1}.ReleaseWithSymbols|Win32.ActiveCfg = Release|Pocket PC 2003 (ARMV4)
		{D0DA3016-67C0-4CD8-BAD1-2D122AC2D29D}.Debug_Static|Pocket PC 2003 (ARMV4).ActiveCfg = Debug|Pocket PC 2003 (ARMV4)
		{D0DA3016-67C0-4CD8-BAD1-2D122AC2D29D}.Debug_Static|Pocket PC 2003 (ARMV4).Build.0 = Debug|Pocket PC 2003 (ARMV4)
		{D0DA3016-67C0-4CD8-BAD1-2D122AC2D29D}.Debug_Static|Pocket PC 2003 (ARMV4).Deploy.0 = Debug|Pocket PC 2003 (ARMV4)
		{D0DA3016-67C0-4CD8-BAD1-2D122AC2D29D}.Debug_Static|Win32.ActiveCfg = Debug|Pocket PC 2003 (ARMV4)
		{D0DA3016-67C0-4CD8-BAD1-2D122AC2D29D}.Debug|Pocket PC 2003 (ARMV4).ActiveCfg = Debug|Pocket PC 2003 (ARMV4)
		{D0DA3016-67C0-4CD8-BAD1-2D122AC2D29D}.Debug|Pocket PC 2003 (ARMV4).Build.0 = Debug|Pocket PC 2003 (ARMV4)
		{D0DA3016-67C0-4CD8-BAD1-2D122AC2D29D}.Debug|Pocket PC 2003 (ARMV4).Deploy.0 = Debug|Pocket PC 2003 (ARMV4)
		{D0DA3016-67C0-4CD8-BAD1-2D122AC2D29D}.Debug|Win32.ActiveCfg = Debug|Win32
		{D0DA3016-67C0-4CD8-BAD1-2D122AC2D29D}.Debug|Win32.Build.0 = Debug|Win32
		{D0DA3016-67C0-4CD8-BAD1-2D122AC2D29D}.Release_Static|Pocket PC 2003 (ARMV4).ActiveCfg = Release|Pocket PC 2003 (ARMV4)
		{D0DA3016-67C0-4CD8-BAD1-2D122AC2D29D}.Release_Static|Pocket PC 2003 (ARMV4).Build.0 = Release|Pocket PC 2003 (ARMV4)
		{D0DA3016-67C0-4CD8-BAD1-2D122AC2D29D}.Release_Static|Pocket PC 2003 (ARMV4).Deploy.0 = Release|Pocket PC 2003 (ARMV4)
		{D0DA3016-67C0-4CD8-BAD1-2D122AC2D29D}.Release_Static|Win32.ActiveCfg = Release|Pocket PC 2003 (ARMV4)
		{D0DA3016-67C0-4CD8-BAD1-2D122AC2D29D}.Release|Pocket PC 2003 (ARMV4).ActiveCfg = Release|Pocket PC 2003 (ARMV4)
		{D0DA3016-67C0-4CD8-BAD1-2D122AC2D29D}.Release|Pocket PC 2003 (ARMV4).Build.0 = Release|Pocket PC 2003 (ARMV4)
		{D0DA3016-67C0-4CD8-BAD1-2D122AC2D29D}.Release|Pocket PC 2003 (ARMV4).Deploy.0 = Release|Pocket PC 2003 (ARMV4)
		{D0DA3016-67C0-4CD8-BAD1-2D122AC2D29D}.Release|Win32.ActiveCfg = Release|Win32
		{D0DA3016-67C0-4CD8-BAD1-2D122AC2D29D}.Release|Win32.Build.0 = Release|Win32
		{D0DA3016-67C0-4CD8-BAD1-2D122AC2D29D}.ReleaseWithSymbols|Pocket PC 2003 (ARMV4).ActiveCfg = Release|Pocket PC 2003 (ARMV4)
		{D0DA3016-67C0-4CD8-BAD1-2D122AC2D29D}.ReleaseWithSymbols|Pocket PC 2003 (ARMV4).Build.0 = Release|Pocket PC 2003 (ARMV4)
		{D0DA3016-67C0-4CD8-BAD1-2D122AC2D29D}.ReleaseWithSymbols|Pocket PC 2003 (ARMV4).Deploy.0 = Release|Pocket PC 2003 (ARMV4)
		{D0DA3016-67C0-4CD8-BAD1-2D122AC2D29D}.ReleaseWithSymbols|Win32.ActiveCfg = Release|Pocket PC 2003 (ARMV4)
		{21DB5D0C-2F40-4D79-BE75-021E3D35B2F9}.Debug_Static|Pocket PC 2003 (ARMV4).ActiveCfg = Debug|Pocket PC 2003 (ARMV4)
		{21DB5D0C-2F40-4D79-BE75-021E3D35B2F9}.Debug_Static|Pocket PC 2003 (ARMV4).Build.0 = Debug|Pocket PC 2003 (ARMV4)
		{21DB5D0C-2F40-4D79-BE75-021E3D35B2F9}.Debug_Static|Pocket PC 2003 (ARMV4).Deploy.0 = Debug|Pocket PC 2003 (ARMV4)
		{21DB5D0C-2F40-4D79-BE75-021E3D35B2F9}.Debug_Static|Win32.ActiveCfg = Debug|Pocket PC 2003 (ARMV4)
		{21DB5D0C-2F40-4D79-BE75-021E3D35B2F9}.Debug|Pocket PC 2003 (ARMV4).ActiveCfg = Debug|Pocket PC 2003 (ARMV4)
		{21DB5D0C-2F40-4D79-BE75-021E3D35B2F9}.Debug|Pocket PC 2003 (ARMV4).Build.0 = Debug|Pocket PC 2003 (ARMV4)
		{21DB5D0C-2F40-4D79-BE75-021E3D35B2F9}.Debug|Pocket PC 2003 (ARMV4).Deploy.0 = Debug|Pocket PC 2003 (ARMV4)
		{21DB5D0C-2F40-4D79-BE75-021E3D35B2F9}.Debug|Win32.ActiveCfg = Debug|Win32
		{21DB5D0C-2F40-4D79-BE75-021E3D35B2F9}.Debug|Win32.Build.0 = Debug|Win32
		{21DB5D0C-2F40-4D79-BE75-021E3D35B2F9}.Release_Static|Pocket PC 2003 (ARMV4).ActiveCfg = Release|Pocket PC 2003 (ARMV4)
		{21DB5D0C-2F40-4D79-BE75-021E3D35B2F9}.Release_Static|Pocket PC 2003 (ARMV4).Build.0 = Release|Pocket PC 2003 (ARMV4)
		{21DB5D0C-2F40-4D79-BE75-021E3D35B2F9}.Release_Static|Pocket PC 2003 (ARMV4).Deploy.0 = Release|Pocket PC 2003 (ARMV4)
		{21DB5D0C-2F40-4D79-BE75-021E3D35B2F9}.Release_Static|Win32.ActiveCfg = Release|Pocket PC 2003 (ARMV4)
		{21DB5D0C-2F40-4D79-BE75-021E3D35B2F9}.Release|Pocket PC 2003 (ARMV4).ActiveCfg = Release|Pocket PC 2003 (ARMV4)
		{21DB5D0C-2F40-4D79-BE75-021E3D35B2F9}.Release|Pocket PC 2003 (ARMV4).Build.0 = Release|Pocket PC 2003 (ARMV4)
		{21DB5D0C-2F40-4D79-BE75-021E3D35B2F9}.Release|Pocket PC 2003 (ARMV4).Deploy.0 = Release|Pocket PC 2003 (ARMV4)
		{21DB5D0C-2F40-4D79-BE75-021E3D35B2F9}.Release|Win32.ActiveCfg = Release|Win32
		{21DB5D0C-2F40-4D79-BE75-021E3D35B2F9}.Release|Win32.Build.0 = Release|Win32
		{21DB5D0C-2F40-4D79-BE75-021E3D35B2F9}.ReleaseWithSymbols|Pocket PC 2003 (ARMV4).ActiveCfg = Release|Pocket PC 2003 (ARMV4)
		{21DB5D0C-2F40-4D79-BE75-021E3D35B2F9}.ReleaseWithSymbols|Pocket PC 2003 (ARMV4).Build.0 = Release|Pocket PC 2003 (ARMV4)
		{21DB5D0C-2F40-4D79-BE75-021E3D35B2F9}.ReleaseWithSymbols|Pocket PC 2003 (ARMV4).Deploy.0 = Release|Pocket PC 2003 (ARMV4)
		{21DB5D0C-2F40-4D79-BE75-021E3D35B2F9}.ReleaseWithSymbols|Win32.ActiveCfg = Release|Pocket PC 2003 (ARMV4)
		{38F8D6D1-8D5D-4543-9C7E-23AE0DE3A1E0}.Debug_Static|Pocket PC 2003 (ARMV4).ActiveCfg = Debug|Pocket PC 2003 (ARMV4)
		{38F8D6D1-8D5D-4543-9C7E-23AE0DE3A1E0}.Debug_Static|Pocket PC 2003 (ARMV4).Build.0 = Debug|Pocket PC 2003 (ARMV4)
		{38F8D6D1-8D5D-4543-9C7E-23AE0DE3A1E0}.Debug_Static|Pocket PC 2003 (ARMV4).Deploy.0 = Debug|Pocket PC 2003 (ARMV4)
		{38F8D6D1-8D5D-4543-9C7E-23AE0DE3A1E0}.Debug_Static|Win32.ActiveCfg = Debug|Pocket PC 2003 (ARMV4)
		{38F8D6D1-8D5D-4543-9C7E-23AE0DE3A1E0}.Debug|Pocket PC 2003 (ARMV4).ActiveCfg = Debug|Pocket PC 2003 (ARMV4)
		{38F8D6D1-8D5D-4543-9C7E-23AE0DE3A1E0}.Debug|Pocket PC 2003 (ARMV4).Build.0 = Debug|Pocket PC 2003 (ARMV4)
		{38F8D6D1-8D5D-4543-9C7E-23AE0DE3A1E0}.Debug|Pocket PC 2003 (ARMV4).Deploy.0 = Debug|Pocket PC 2003 (ARMV4)
		{38F8D6D1-8D5D-4543-9C7E-23AE0DE3A1E0}.Debug|Win32.ActiveCfg = Debug|Win32
		{38F8D6D1-8D5D-4543-9C7E-23AE0DE3A1E0}.Debug|Win32.Build.0 = Debug|Win32
		{38F8D6D1-8D5D-4543-9C7E-23AE0DE3A1E0}.Release_Static|Pocket PC 2003 (ARMV4).ActiveCfg = Release|Pocket PC 2003 (ARMV4)
		{38F8D6D1-8D5D-4543-9C7E-23AE0DE3A1E0}.Release_Static|Pocket PC 2003 (ARMV4).Build.0 = Release|Pocket PC 2003 (ARMV4)
		{38F8D6D1-8D5D-4543-9C7E-23AE0DE3A1E0}.Release_Static|Pocket PC 2003 (ARMV4).Deploy.0 = Release|Pocket PC 2003 (ARMV4)
		{38F8D6D1-8D5D-4543-9C7E-23AE0DE3A1E0}.Release_Static|Win32.ActiveCfg = Release|Pocket PC 2003 (ARMV4)
		{38F8D6D1-8D5D-4543-9C7E-23AE0DE3A1E0}.Release|Pocket PC 2003 (ARMV4).ActiveCfg = Release|Pocket PC 2003 (ARMV4)
		{38F8D6D1-8D5D-4543-9C7E-23AE0DE3A1E0}.Release|Pocket PC 2003 (ARMV4).Build.0 = Release|Pocket PC 2003 (ARMV4)
		{38F8D6D1-8D5D-4543-9C7E-23AE0DE3A1E0}.Release|Pocket PC 2003 (ARMV4).Deploy.0 = Release|Pocket PC 2003 (ARMV4)
		{38F8D6D1-8D5D-4543-9C7E-23AE0DE3A1E0}.Release|Win32.ActiveCfg = Release|Win32
		{38F8D6D1-8D5D-4543-9C7E-23AE0DE3A1E0}.Release|Win32.Build.0 = Release|Win32
		{38F8D6D1-8D5D-4543-9C7E-23AE0DE3A1E0}.ReleaseWithSymbols|Pocket PC 2003 (ARMV4).ActiveCfg = Release|Pocket PC 2003 (ARMV4)
		{38F8D6D1-8D5D-4543-9C7E-23AE0DE3A1E0}.ReleaseWithSymbols|Pocket PC 2003 (ARMV4).Build.0 = Release|Pocket PC 2003 (ARMV4)
		{38F8D6D1-8D5D-4543-9C7E-23AE0DE3A1E0}.ReleaseWithSymbols|Pocket PC 2003 (ARMV4).Deploy.0 = Release|Pocket PC 2003 (ARMV4)
		{38F8D6D1-8D5D-4543-9C7E-23AE0DE3A1E0}.ReleaseWithSymbols|Win32.ActiveCfg = Release|Pocket PC 2003 (ARMV4)
		{9006D124-5D00-4CB7-BAD9-F527B19502C9}.Debug_Static|Pocket PC 2003 (ARMV4).ActiveCfg = Debug|Pocket PC 2003 (ARMV4)
		{9006D124-5D00-4CB7-BAD9-F527B19502C9}.Debug_Static|Pocket PC 2003 (ARMV4).Build.0 = Debug|Pocket PC 2003 (ARMV4)
		{9006D124-5D00-4CB7-BAD9-F527B19502C9}.Debug_Static|Pocket PC 2003 (ARMV4).Deploy.0 = Debug|Pocket PC 2003 (ARMV4)
		{9006D124-5D00-4CB7-BAD9-F527B19502C9}.Debug_Static|Win32.ActiveCfg = Debug|Pocket PC 2003 (ARMV4)
		{9006D124-5D00-4CB7-BAD9-F527B19502C9}.Debug|Pocket PC 2003 (ARMV4).ActiveCfg = Debug|Pocket PC 2003 (ARMV4)
		{9006D124-5D00-4CB7-BAD9-F527B19502C9}.Debug|Pocket PC 2003 (ARMV4).Build.0 = Debug|Pocket PC 2003 (ARMV4)
		{9006D124-5D00-4CB7-BAD9-F527B19502C9}.Debug|Pocket PC 2003 (ARMV4).Deploy.0 = Debug|Pocket PC 2003 (ARMV4)
		{9006D124-5D00-4CB7-BAD9-F527B19502C9}.Debug|Win32.ActiveCfg = Debug|Win32
		{9006D124-5D00-4CB7-BAD9-F527B19502C9}.Debug|Win32.Build.0 = Debug|Win32
		{9006D124-5D00-4CB7-BAD9-F527B19502C9}.Release_Static|Pocket PC 2003 (ARMV4).ActiveCfg = Release|Pocket PC 2003 (ARMV4)
		{9006D124-5D00-4CB7-BAD9-F527B19502C9}.Release_Static|Pocket PC 2003 (ARMV4).Build.0 = Release|Pocket PC 2003 (ARMV4)
		{9006D124-5D00-4CB7-BAD9-F527B19502C9}.Release_Static|Pocket PC 2003 (ARMV4).Deploy.0 = Release|Pocket PC 2003 (ARMV4)
		{9006D124-5D00-4CB7-BAD9-F527B19502C9}.Release_Static|Win32.ActiveCfg = Release|Pocket PC 2003 (ARMV4)
		{9006D124-5D00-4CB7-BAD9-F527B19502C9}.Release|Pocket PC 2003 (ARMV4).ActiveCfg = Release|Pocket PC 2003 (ARMV4)
		{9006D124-5D00-4CB7-BAD9-F527B19502C9}.Release|Pocket PC 2003 (ARMV4).Build.0 = Release|Pocket PC 2003 (ARMV4)
		{9006D124-5D00-4CB7-BAD9-F527B19502C9}.Release|Pocket PC 2003 (ARMV4).Deploy.0 = Release|Pocket PC 2003 (ARMV4)
		{9006D124-5D00-4CB7-BAD9-F527B19502C9}.Release|Win32.ActiveCfg = Release|Win32
		{9006D124-5D00-4CB7-BAD9-F527B19502C9}.Release|Win32.Build.0 = Release|Win32
		{9006D124-5D00-4CB7-BAD9-F527B19502C9}.ReleaseWithSymbols|Pocket PC 2003 (ARMV4).ActiveCfg = Release|Pocket PC 2003 (ARMV4)
		{9006D124-5D00-4CB7-BAD9-F527B19502C9}.ReleaseWithSymbols|Pocket PC 2003 (ARMV4).Build.0 = Release|Pocket PC 2003 (ARMV4)
		{9006D124-5D00-4CB7-BAD9-F527B19502C9}.ReleaseWithSymbols|Pocket PC 2003 (ARMV4).Deploy.0 = Release|Pocket PC 2003 (ARMV4)
		{9006D124-5D00-4CB7-BAD9-F527B19502C9}.ReleaseWithSymbols|Win32.ActiveCfg = Release|Pocket PC 2003 (ARMV4)
	EndGlobalSection
	GlobalSection(SolutionProperties) = preSolution
		HideSolutionNode = FALSE
	EndGlobalSection
	GlobalSection(NestedProjects) = preSolution
		{C533665F-F65C-4E2F-BB55-A13094ECAC03} = {B971FAC6-C8DD-456A-97AC-323E5D30A905}
		{501DA06D-617A-6748-B37A-DABBD1622994} = {B971FAC6-C8DD-456A-97AC-323E5D30A905}
		{969C0637-E206-9F49-8A74-4931ED4C3DF0} = {B971FAC6-C8DD-456A-97AC-323E5D30A905}
		{2671CEB8-379B-BF44-85E7-6B02262B1396} = {B971FAC6-C8DD-456A-97AC-323E5D30A905}
		{281D0F71-4903-244D-8CC6-BA15182FFB4C} = {B971FAC6-C8DD-456A-97AC-323E5D30A905}
		{3F478810-118E-7B4E-93CB-B6D6EC801D90} = {B971FAC6-C8DD-456A-97AC-323E5D30A905}
		{0757FC7D-A029-4C29-B806-9CC05DC384A1} = {C533665F-F65C-4E2F-BB55-A13094ECAC03}
		{D0DA3016-67C0-4CD8-BAD1-2D122AC2D29D} = {C533665F-F65C-4E2F-BB55-A13094ECAC03}
		{21DB5D0C-2F40-4D79-BE75-021E3D35B2F9} = {C533665F-F65C-4E2F-BB55-A13094ECAC03}
		{38F8D6D1-8D5D-4543-9C7E-23AE0DE3A1E0} = {C533665F-F65C-4E2F-BB55-A13094ECAC03}
		{9006D124-5D00-4CB7-BAD9-F527B19502C9} = {C533665F-F65C-4E2F-BB55-A13094ECAC03}
	EndGlobalSection
EndGlobal
